{
    "name": "now",
    "version": "1.0.0",
    "lockfileVersion": 3,
    "requires": true,
    "packages": {
        "": {
            "name": "now",
            "version": "1.0.0",
            "dependencies": {
                "@types/angular": "^1.8.4",
                "@types/chance": "^1.1.6",
                "@types/jasmine": "3.3.0"
            }
        },
        "node_modules/@types/angular": {
            "version": "1.8.9",
            "resolved": "https://registry.npmjs.org/@types/angular/-/angular-1.8.9.tgz",
            "integrity": "sha512-Z0HukqZkx0fotsV3QO00yqU9NzcQI+tMcrum+8MvfB4ePqCawZctF/gz6QiuII+T1ax+LitNoPx/eICTgnF4sg=="
        },
        "node_modules/@types/chance": {
            "version": "1.1.6",
            "resolved": "https://registry.npmjs.org/@types/chance/-/chance-1.1.6.tgz",
            "integrity": "sha512-V+pm3stv1Mvz8fSKJJod6CglNGVqEQ6OyuqitoDkWywEODM/eJd1eSuIp9xt6DrX8BWZ2eDSIzbw1tPCUTvGbQ=="
        },
        "node_modules/@types/jasmine": {
            "version": "3.3.0",
            "resolved": "https://registry.npmjs.org/@types/jasmine/-/jasmine-3.3.0.tgz",
            "integrity": "sha512-0VU8WsYEOYmoxVtUuafB66/+9G8gMdGAC3dhCE/CMpjXgNIz9fwC6g41kRlNxFgpQI/uX/aWNLArNg7KmeFYvw=="
        }
    }
}
